
Microsoft Visual Studio Solution File, Format Version 12.00
# Visual Studio Version 17
VisualStudioVersion = 17.2.32210.308
MinimumVisualStudioVersion = 10.0.40219.1
Project("{FAE04EC0-301F-11D3-BF4B-00C04F79EFBC}") = "IntegrationSoftwareEngineer_Assessment_LActon", "IntegrationSoftwareEngineer_Assessment_LActon\IntegrationSoftwareEngineer_Assessment_LActon.csproj", "{CC3BB854-E0E9-4D1C-9AF1-415F5F5C9326}"
EndProject
Global
	GlobalSection(SolutionConfigurationPlatforms) = preSolution
		Debug|Any CPU = Debug|Any CPU
		Release|Any CPU = Release|Any CPU
	EndGlobalSection
	GlobalSection(ProjectConfigurationPlatforms) = postSolution
		{CC3BB854-E0E9-4D1C-9AF1-415F5F5C9326}.Debug|Any CPU.ActiveCfg = Debug|Any CPU
		{CC3BB854-E0E9-4D1C-9AF1-415F5F5C9326}.Debug|Any CPU.Build.0 = Debug|Any CPU
		{CC3BB854-E0E9-4D1C-9AF1-415F5F5C9326}.Release|Any CPU.ActiveCfg = Release|Any CPU
		{CC3BB854-E0E9-4D1C-9AF1-415F5F5C9326}.Release|Any CPU.Build.0 = Release|Any CPU
	EndGlobalSection
	GlobalSection(SolutionProperties) = preSolution
		HideSolutionNode = FALSE
	EndGlobalSection
	GlobalSection(ExtensibilityGlobals) = postSolution
		SolutionGuid = {A177EA9D-71A0-4F48-9B24-3C83C0653311}
	EndGlobalSection
EndGlobal
